// !$*UTF8*$!
{
	archiveVersion = 1;
	classes = {
	};
	objectVersion = 56;
	objects = {

/* Begin PBXBuildFile section */
		E3A60A012BA9955600BAA90A /* SwipeNewsApp.swift in Sources */ = {isa = PBXBuildFile; fileRef = E3A60A002BA9955600BAA90A /* SwipeNewsApp.swift */; };
		E3A60A032BA9955600BAA90A /* ContentView.swift in Sources */ = {isa = PBXBuildFile; fileRef = E3A60A022BA9955600BAA90A /* ContentView.swift */; };
		E3A60A052BA9955900BAA90A /* Assets.xcassets in Resources */ = {isa = PBXBuildFile; fileRef = E3A60A042BA9955900BAA90A /* Assets.xcassets */; };
		E3A60A082BA9955900BAA90A /* Preview Assets.xcassets in Resources */ = {isa = PBXBuildFile; fileRef = E3A60A072BA9955900BAA90A /* Preview Assets.xcassets */; };
		E3A60A122BA9955900BAA90A /* SwipeNewsTests.swift in Sources */ = {isa = PBXBuildFile; fileRef = E3A60A112BA9955900BAA90A /* SwipeNewsTests.swift */; };
		E3A60A1C2BA9955900BAA90A /* SwipeNewsUITests.swift in Sources */ = {isa = PBXBuildFile; fileRef = E3A60A1B2BA9955900BAA90A /* SwipeNewsUITests.swift */; };
		E3A60A1E2BA9955900BAA90A /* SwipeNewsUITestsLaunchTests.swift in Sources */ = {isa = PBXBuildFile; fileRef = E3A60A1D2BA9955900BAA90A /* SwipeNewsUITestsLaunchTests.swift */; };
		E3A60A2C2BA9CAF200BAA90A /* Article.swift in Sources */ = {isa = PBXBuildFile; fileRef = E3A60A2B2BA9CAF200BAA90A /* Article.swift */; };
		E3A60A2E2BA9CD9D00BAA90A /* ArticleResults.swift in Sources */ = {isa = PBXBuildFile; fileRef = E3A60A2D2BA9CD9D00BAA90A /* ArticleResults.swift */; };
		E3A60A332BA9CDF700BAA90A /* DataFetcher.swift in Sources */ = {isa = PBXBuildFile; fileRef = E3A60A322BA9CDF700BAA90A /* DataFetcher.swift */; };
		E3A60A372BA9D3AD00BAA90A /* Constants.swift in Sources */ = {isa = PBXBuildFile; fileRef = E3A60A362BA9D3AD00BAA90A /* Constants.swift */; };
		E3A60A392BA9D3ED00BAA90A /* Endpoint.swift in Sources */ = {isa = PBXBuildFile; fileRef = E3A60A382BA9D3ED00BAA90A /* Endpoint.swift */; };
		E3A60A3B2BA9FD9700BAA90A /* Query.swift in Sources */ = {isa = PBXBuildFile; fileRef = E3A60A3A2BA9FD9700BAA90A /* Query.swift */; };
		E3A60A3E2BAB156E00BAA90A /* NewsAPI.swift in Sources */ = {isa = PBXBuildFile; fileRef = E3A60A3D2BAB156E00BAA90A /* NewsAPI.swift */; };
		E3A60A412BAB19AA00BAA90A /* NewsAPIService.swift in Sources */ = {isa = PBXBuildFile; fileRef = E3A60A402BAB19AA00BAA90A /* NewsAPIService.swift */; };
		E3A60A442BAB1A0D00BAA90A /* NewsAPIService.swift in Sources */ = {isa = PBXBuildFile; fileRef = E3A60A432BAB1A0D00BAA90A /* NewsAPIService.swift */; };
		E3A60A472BAB1A6C00BAA90A /* MockDataFetcher.swift in Sources */ = {isa = PBXBuildFile; fileRef = E3A60A462BAB1A6C00BAA90A /* MockDataFetcher.swift */; };
		E3A60A4A2BAB1BE200BAA90A /* NewsAPIFakes.swift in Sources */ = {isa = PBXBuildFile; fileRef = E3A60A492BAB1BE200BAA90A /* NewsAPIFakes.swift */; };
		E3A60A4F2BAB212000BAA90A /* Loadable.swift in Sources */ = {isa = PBXBuildFile; fileRef = E3A60A4E2BAB212000BAA90A /* Loadable.swift */; };
		E3A60A532BAB60DA00BAA90A /* Service.swift in Sources */ = {isa = PBXBuildFile; fileRef = E3A60A522BAB60DA00BAA90A /* Service.swift */; };
/* End PBXBuildFile section */

/* Begin PBXContainerItemProxy section */
		E3A60A0E2BA9955900BAA90A /* PBXContainerItemProxy */ = {
			isa = PBXContainerItemProxy;
			containerPortal = E3A609F52BA9955600BAA90A /* Project object */;
			proxyType = 1;
			remoteGlobalIDString = E3A609FC2BA9955600BAA90A;
			remoteInfo = SwipeNews;
		};
		E3A60A182BA9955900BAA90A /* PBXContainerItemProxy */ = {
			isa = PBXContainerItemProxy;
			containerPortal = E3A609F52BA9955600BAA90A /* Project object */;
			proxyType = 1;
			remoteGlobalIDString = E3A609FC2BA9955600BAA90A;
			remoteInfo = SwipeNews;
		};
/* End PBXContainerItemProxy section */

/* Begin PBXFileReference section */
		E3A609FD2BA9955600BAA90A /* SwipeNews.app */ = {isa = PBXFileReference; explicitFileType = wrapper.application; includeInIndex = 0; path = SwipeNews.app; sourceTree = BUILT_PRODUCTS_DIR; };
		E3A60A002BA9955600BAA90A /* SwipeNewsApp.swift */ = {isa = PBXFileReference; lastKnownFileType = sourcecode.swift; path = SwipeNewsApp.swift; sourceTree = "<group>"; };
		E3A60A022BA9955600BAA90A /* ContentView.swift */ = {isa = PBXFileReference; lastKnownFileType = sourcecode.swift; path = ContentView.swift; sourceTree = "<group>"; };
		E3A60A042BA9955900BAA90A /* Assets.xcassets */ = {isa = PBXFileReference; lastKnownFileType = folder.assetcatalog; path = Assets.xcassets; sourceTree = "<group>"; };
		E3A60A072BA9955900BAA90A /* Preview Assets.xcassets */ = {isa = PBXFileReference; lastKnownFileType = folder.assetcatalog; path = "Preview Assets.xcassets"; sourceTree = "<group>"; };
		E3A60A0D2BA9955900BAA90A /* SwipeNewsTests.xctest */ = {isa = PBXFileReference; explicitFileType = wrapper.cfbundle; includeInIndex = 0; path = SwipeNewsTests.xctest; sourceTree = BUILT_PRODUCTS_DIR; };
		E3A60A112BA9955900BAA90A /* SwipeNewsTests.swift */ = {isa = PBXFileReference; lastKnownFileType = sourcecode.swift; path = SwipeNewsTests.swift; sourceTree = "<group>"; };
		E3A60A172BA9955900BAA90A /* SwipeNewsUITests.xctest */ = {isa = PBXFileReference; explicitFileType = wrapper.cfbundle; includeInIndex = 0; path = SwipeNewsUITests.xctest; sourceTree = BUILT_PRODUCTS_DIR; };
		E3A60A1B2BA9955900BAA90A /* SwipeNewsUITests.swift */ = {isa = PBXFileReference; lastKnownFileType = sourcecode.swift; path = SwipeNewsUITests.swift; sourceTree = "<group>"; };
		E3A60A1D2BA9955900BAA90A /* SwipeNewsUITestsLaunchTests.swift */ = {isa = PBXFileReference; lastKnownFileType = sourcecode.swift; path = SwipeNewsUITestsLaunchTests.swift; sourceTree = "<group>"; };
		E3A60A2B2BA9CAF200BAA90A /* Article.swift */ = {isa = PBXFileReference; lastKnownFileType = sourcecode.swift; path = Article.swift; sourceTree = "<group>"; };
		E3A60A2D2BA9CD9D00BAA90A /* ArticleResults.swift */ = {isa = PBXFileReference; lastKnownFileType = sourcecode.swift; path = ArticleResults.swift; sourceTree = "<group>"; };
		E3A60A322BA9CDF700BAA90A /* DataFetcher.swift */ = {isa = PBXFileReference; lastKnownFileType = sourcecode.swift; path = DataFetcher.swift; sourceTree = "<group>"; };
		E3A60A362BA9D3AD00BAA90A /* Constants.swift */ = {isa = PBXFileReference; lastKnownFileType = sourcecode.swift; path = Constants.swift; sourceTree = "<group>"; };
		E3A60A382BA9D3ED00BAA90A /* Endpoint.swift */ = {isa = PBXFileReference; lastKnownFileType = sourcecode.swift; path = Endpoint.swift; sourceTree = "<group>"; };
		E3A60A3A2BA9FD9700BAA90A /* Query.swift */ = {isa = PBXFileReference; lastKnownFileType = sourcecode.swift; path = Query.swift; sourceTree = "<group>"; };
		E3A60A3D2BAB156E00BAA90A /* NewsAPI.swift */ = {isa = PBXFileReference; lastKnownFileType = sourcecode.swift; path = NewsAPI.swift; sourceTree = "<group>"; };
		E3A60A402BAB19AA00BAA90A /* NewsAPIService.swift */ = {isa = PBXFileReference; lastKnownFileType = sourcecode.swift; path = NewsAPIService.swift; sourceTree = "<group>"; };
		E3A60A432BAB1A0D00BAA90A /* NewsAPIService.swift */ = {isa = PBXFileReference; lastKnownFileType = sourcecode.swift; path = NewsAPIService.swift; sourceTree = "<group>"; };
		E3A60A462BAB1A6C00BAA90A /* MockDataFetcher.swift */ = {isa = PBXFileReference; lastKnownFileType = sourcecode.swift; path = MockDataFetcher.swift; sourceTree = "<group>"; };
		E3A60A492BAB1BE200BAA90A /* NewsAPIFakes.swift */ = {isa = PBXFileReference; lastKnownFileType = sourcecode.swift; path = NewsAPIFakes.swift; sourceTree = "<group>"; };
		E3A60A4E2BAB212000BAA90A /* Loadable.swift */ = {isa = PBXFileReference; lastKnownFileType = sourcecode.swift; path = Loadable.swift; sourceTree = "<group>"; };
		E3A60A522BAB60DA00BAA90A /* Service.swift */ = {isa = PBXFileReference; lastKnownFileType = sourcecode.swift; path = Service.swift; sourceTree = "<group>"; };
/* End PBXFileReference section */

/* Begin PBXFrameworksBuildPhase section */
		E3A609FA2BA9955600BAA90A /* Frameworks */ = {
			isa = PBXFrameworksBuildPhase;
			buildActionMask = 2147483647;
			files = (
			);
			runOnlyForDeploymentPostprocessing = 0;
		};
		E3A60A0A2BA9955900BAA90A /* Frameworks */ = {
			isa = PBXFrameworksBuildPhase;
			buildActionMask = 2147483647;
			files = (
			);
			runOnlyForDeploymentPostprocessing = 0;
		};
		E3A60A142BA9955900BAA90A /* Frameworks */ = {
			isa = PBXFrameworksBuildPhase;
			buildActionMask = 2147483647;
			files = (
			);
			runOnlyForDeploymentPostprocessing = 0;
		};
/* End PBXFrameworksBuildPhase section */

/* Begin PBXGroup section */
		E3A609F42BA9955600BAA90A = {
			isa = PBXGroup;
			children = (
				E3A609FF2BA9955600BAA90A /* SwipeNews */,
				E3A60A102BA9955900BAA90A /* SwipeNewsTests */,
				E3A60A1A2BA9955900BAA90A /* SwipeNewsUITests */,
				E3A609FE2BA9955600BAA90A /* Products */,
			);
			sourceTree = "<group>";
		};
		E3A609FE2BA9955600BAA90A /* Products */ = {
			isa = PBXGroup;
			children = (
				E3A609FD2BA9955600BAA90A /* SwipeNews.app */,
				E3A60A0D2BA9955900BAA90A /* SwipeNewsTests.xctest */,
				E3A60A172BA9955900BAA90A /* SwipeNewsUITests.xctest */,
			);
			name = Products;
			sourceTree = "<group>";
		};
		E3A609FF2BA9955600BAA90A /* SwipeNews */ = {
			isa = PBXGroup;
			children = (
				E3A60A542BAB64B100BAA90A /* View */,
				E3A60A3C2BAB150600BAA90A /* Service */,
				E3A60A2F2BA9CDDD00BAA90A /* Networking */,
				E3A60A2A2BA9961F00BAA90A /* Model */,
				E3A60A002BA9955600BAA90A /* SwipeNewsApp.swift */,
				E3A60A042BA9955900BAA90A /* Assets.xcassets */,
				E3A60A062BA9955900BAA90A /* Preview Content */,
				E3A60A362BA9D3AD00BAA90A /* Constants.swift */,
			);
			path = SwipeNews;
			sourceTree = "<group>";
		};
		E3A60A062BA9955900BAA90A /* Preview Content */ = {
			isa = PBXGroup;
			children = (
				E3A60A072BA9955900BAA90A /* Preview Assets.xcassets */,
			);
			path = "Preview Content";
			sourceTree = "<group>";
		};
		E3A60A102BA9955900BAA90A /* SwipeNewsTests */ = {
			isa = PBXGroup;
			children = (
				E3A60A482BAB1BD200BAA90A /* FakeData */,
				E3A60A452BAB1A4100BAA90A /* Networking */,
				E3A60A422BAB19FC00BAA90A /* Service */,
				E3A60A112BA9955900BAA90A /* SwipeNewsTests.swift */,
			);
			path = SwipeNewsTests;
			sourceTree = "<group>";
		};
		E3A60A1A2BA9955900BAA90A /* SwipeNewsUITests */ = {
			isa = PBXGroup;
			children = (
				E3A60A1B2BA9955900BAA90A /* SwipeNewsUITests.swift */,
				E3A60A1D2BA9955900BAA90A /* SwipeNewsUITestsLaunchTests.swift */,
			);
			path = SwipeNewsUITests;
			sourceTree = "<group>";
		};
		E3A60A2A2BA9961F00BAA90A /* Model */ = {
			isa = PBXGroup;
			children = (
				E3A60A2B2BA9CAF200BAA90A /* Article.swift */,
				E3A60A2D2BA9CD9D00BAA90A /* ArticleResults.swift */,
				E3A60A3A2BA9FD9700BAA90A /* Query.swift */,
				E3A60A4E2BAB212000BAA90A /* Loadable.swift */,
			);
			path = Model;
			sourceTree = "<group>";
		};
		E3A60A2F2BA9CDDD00BAA90A /* Networking */ = {
			isa = PBXGroup;
			children = (
				E3A60A3F2BAB17BB00BAA90A /* API */,
				E3A60A322BA9CDF700BAA90A /* DataFetcher.swift */,
				E3A60A382BA9D3ED00BAA90A /* Endpoint.swift */,
			);
			path = Networking;
			sourceTree = "<group>";
		};
		E3A60A3C2BAB150600BAA90A /* Service */ = {
			isa = PBXGroup;
			children = (
				E3A60A402BAB19AA00BAA90A /* NewsAPIService.swift */,
				E3A60A522BAB60DA00BAA90A /* Service.swift */,
			);
			path = Service;
			sourceTree = "<group>";
		};
		E3A60A3F2BAB17BB00BAA90A /* API */ = {
			isa = PBXGroup;
			children = (
				E3A60A3D2BAB156E00BAA90A /* NewsAPI.swift */,
			);
			path = API;
			sourceTree = "<group>";
		};
		E3A60A422BAB19FC00BAA90A /* Service */ = {
			isa = PBXGroup;
			children = (
				E3A60A432BAB1A0D00BAA90A /* NewsAPIService.swift */,
			);
			path = Service;
			sourceTree = "<group>";
		};
		E3A60A452BAB1A4100BAA90A /* Networking */ = {
			isa = PBXGroup;
			children = (
				E3A60A462BAB1A6C00BAA90A /* MockDataFetcher.swift */,
			);
			path = Networking;
			sourceTree = "<group>";
		};
		E3A60A482BAB1BD200BAA90A /* FakeData */ = {
			isa = PBXGroup;
			children = (
				E3A60A492BAB1BE200BAA90A /* NewsAPIFakes.swift */,
			);
			path = FakeData;
			sourceTree = "<group>";
		};
		E3A60A542BAB64B100BAA90A /* View */ = {
			isa = PBXGroup;
			children = (
				E3A60A022BA9955600BAA90A /* ContentView.swift */,
			);
			path = View;
			sourceTree = "<group>";
		};
/* End PBXGroup section */

/* Begin PBXNativeTarget section */
		E3A609FC2BA9955600BAA90A /* SwipeNews */ = {
			isa = PBXNativeTarget;
			buildConfigurationList = E3A60A212BA9955900BAA90A /* Build configuration list for PBXNativeTarget "SwipeNews" */;
			buildPhases = (
				E3A609F92BA9955600BAA90A /* Sources */,
				E3A609FA2BA9955600BAA90A /* Frameworks */,
				E3A609FB2BA9955600BAA90A /* Resources */,
			);
			buildRules = (
			);
			dependencies = (
			);
			name = SwipeNews;
			productName = SwipeNews;
			productReference = E3A609FD2BA9955600BAA90A /* SwipeNews.app */;
			productType = "com.apple.product-type.application";
		};
		E3A60A0C2BA9955900BAA90A /* SwipeNewsTests */ = {
			isa = PBXNativeTarget;
			buildConfigurationList = E3A60A242BA9955900BAA90A /* Build configuration list for PBXNativeTarget "SwipeNewsTests" */;
			buildPhases = (
				E3A60A092BA9955900BAA90A /* Sources */,
				E3A60A0A2BA9955900BAA90A /* Frameworks */,
				E3A60A0B2BA9955900BAA90A /* Resources */,
			);
			buildRules = (
			);
			dependencies = (
				E3A60A0F2BA9955900BAA90A /* PBXTargetDependency */,
			);
			name = SwipeNewsTests;
			productName = SwipeNewsTests;
			productReference = E3A60A0D2BA9955900BAA90A /* SwipeNewsTests.xctest */;
			productType = "com.apple.product-type.bundle.unit-test";
		};
		E3A60A162BA9955900BAA90A /* SwipeNewsUITests */ = {
			isa = PBXNativeTarget;
			buildConfigurationList = E3A60A272BA9955900BAA90A /* Build configuration list for PBXNativeTarget "SwipeNewsUITests" */;
			buildPhases = (
				E3A60A132BA9955900BAA90A /* Sources */,
				E3A60A142BA9955900BAA90A /* Frameworks */,
				E3A60A152BA9955900BAA90A /* Resources */,
			);
			buildRules = (
			);
			dependencies = (
				E3A60A192BA9955900BAA90A /* PBXTargetDependency */,
			);
			name = SwipeNewsUITests;
			productName = SwipeNewsUITests;
			productReference = E3A60A172BA9955900BAA90A /* SwipeNewsUITests.xctest */;
			productType = "com.apple.product-type.bundle.ui-testing";
		};
/* End PBXNativeTarget section */

/* Begin PBXProject section */
		E3A609F52BA9955600BAA90A /* Project object */ = {
			isa = PBXProject;
			attributes = {
				BuildIndependentTargetsInParallel = 1;
				LastSwiftUpdateCheck = 1520;
				LastUpgradeCheck = 1520;
				TargetAttributes = {
					E3A609FC2BA9955600BAA90A = {
						CreatedOnToolsVersion = 15.2;
					};
					E3A60A0C2BA9955900BAA90A = {
						CreatedOnToolsVersion = 15.2;
						TestTargetID = E3A609FC2BA9955600BAA90A;
					};
					E3A60A162BA9955900BAA90A = {
						CreatedOnToolsVersion = 15.2;
						TestTargetID = E3A609FC2BA9955600BAA90A;
					};
				};
			};
			buildConfigurationList = E3A609F82BA9955600BAA90A /* Build configuration list for PBXProject "SwipeNews" */;
			compatibilityVersion = "Xcode 14.0";
			developmentRegion = en;
			hasScannedForEncodings = 0;
			knownRegions = (
				en,
				Base,
			);
			mainGroup = E3A609F42BA9955600BAA90A;
			productRefGroup = E3A609FE2BA9955600BAA90A /* Products */;
			projectDirPath = "";
			projectRoot = "";
			targets = (
				E3A609FC2BA9955600BAA90A /* SwipeNews */,
				E3A60A0C2BA9955900BAA90A /* SwipeNewsTests */,
				E3A60A162BA9955900BAA90A /* SwipeNewsUITests */,
			);
		};
/* End PBXProject section */

/* Begin PBXResourcesBuildPhase section */
		E3A609FB2BA9955600BAA90A /* Resources */ = {
			isa = PBXResourcesBuildPhase;
			buildActionMask = 2147483647;
			files = (
				E3A60A082BA9955900BAA90A /* Preview Assets.xcassets in Resources */,
				E3A60A052BA9955900BAA90A /* Assets.xcassets in Resources */,
			);
			runOnlyForDeploymentPostprocessing = 0;
		};
		E3A60A0B2BA9955900BAA90A /* Resources */ = {
			isa = PBXResourcesBuildPhase;
			buildActionMask = 2147483647;
			files = (
			);
			runOnlyForDeploymentPostprocessing = 0;
		};
		E3A60A152BA9955900BAA90A /* Resources */ = {
			isa = PBXResourcesBuildPhase;
			buildActionMask = 2147483647;
			files = (
			);
			runOnlyForDeploymentPostprocessing = 0;
		};
/* End PBXResourcesBuildPhase section */

/* Begin PBXSourcesBuildPhase section */
		E3A609F92BA9955600BAA90A /* Sources */ = {
			isa = PBXSourcesBuildPhase;
			buildActionMask = 2147483647;
			files = (
				E3A60A332BA9CDF700BAA90A /* DataFetcher.swift in Sources */,
				E3A60A532BAB60DA00BAA90A /* Service.swift in Sources */,
				E3A60A392BA9D3ED00BAA90A /* Endpoint.swift in Sources */,
				E3A60A3E2BAB156E00BAA90A /* NewsAPI.swift in Sources */,
				E3A60A412BAB19AA00BAA90A /* NewsAPIService.swift in Sources */,
				E3A60A032BA9955600BAA90A /* ContentView.swift in Sources */,
				E3A60A4F2BAB212000BAA90A /* Loadable.swift in Sources */,
				E3A60A2E2BA9CD9D00BAA90A /* ArticleResults.swift in Sources */,
				E3A60A3B2BA9FD9700BAA90A /* Query.swift in Sources */,
				E3A60A012BA9955600BAA90A /* SwipeNewsApp.swift in Sources */,
				E3A60A2C2BA9CAF200BAA90A /* Article.swift in Sources */,
				E3A60A372BA9D3AD00BAA90A /* Constants.swift in Sources */,
			);
			runOnlyForDeploymentPostprocessing = 0;
		};
		E3A60A092BA9955900BAA90A /* Sources */ = {
			isa = PBXSourcesBuildPhase;
			buildActionMask = 2147483647;
			files = (
				E3A60A472BAB1A6C00BAA90A /* MockDataFetcher.swift in Sources */,
				E3A60A122BA9955900BAA90A /* SwipeNewsTests.swift in Sources */,
				E3A60A4A2BAB1BE200BAA90A /* NewsAPIFakes.swift in Sources */,
				E3A60A442BAB1A0D00BAA90A /* NewsAPIService.swift in Sources */,
			);
			runOnlyForDeploymentPostprocessing = 0;
		};
		E3A60A132BA9955900BAA90A /* Sources */ = {
			isa = PBXSourcesBuildPhase;
			buildActionMask = 2147483647;
			files = (
				E3A60A1E2BA9955900BAA90A /* SwipeNewsUITestsLaunchTests.swift in Sources */,
				E3A60A1C2BA9955900BAA90A /* SwipeNewsUITests.swift in Sources */,
			);
			runOnlyForDeploymentPostprocessing = 0;
		};
/* End PBXSourcesBuildPhase section */

/* Begin PBXTargetDependency section */
		E3A60A0F2BA9955900BAA90A /* PBXTargetDependency */ = {
			isa = PBXTargetDependency;
			target = E3A609FC2BA9955600BAA90A /* SwipeNews */;
			targetProxy = E3A60A0E2BA9955900BAA90A /* PBXContainerItemProxy */;
		};
		E3A60A192BA9955900BAA90A /* PBXTargetDependency */ = {
			isa = PBXTargetDependency;
			target = E3A609FC2BA9955600BAA90A /* SwipeNews */;
			targetProxy = E3A60A182BA9955900BAA90A /* PBXContainerItemProxy */;
		};
/* End PBXTargetDependency section */

/* Begin XCBuildConfiguration section */
		E3A60A1F2BA9955900BAA90A /* Debug */ = {
			isa = XCBuildConfiguration;
			buildSettings = {
				ALWAYS_SEARCH_USER_PATHS = NO;
				ASSETCATALOG_COMPILER_GENERATE_SWIFT_ASSET_SYMBOL_EXTENSIONS = YES;
				CLANG_ANALYZER_NONNULL = YES;
				CLANG_ANALYZER_NUMBER_OBJECT_CONVERSION = YES_AGGRESSIVE;
				CLANG_CXX_LANGUAGE_STANDARD = "gnu++20";
				CLANG_ENABLE_MODULES = YES;
				CLANG_ENABLE_OBJC_ARC = YES;
				CLANG_ENABLE_OBJC_WEAK = YES;
				CLANG_WARN_BLOCK_CAPTURE_AUTORELEASING = YES;
				CLANG_WARN_BOOL_CONVERSION = YES;
				CLANG_WARN_COMMA = YES;
				CLANG_WARN_CONSTANT_CONVERSION = YES;
				CLANG_WARN_DEPRECATED_OBJC_IMPLEMENTATIONS = YES;
				CLANG_WARN_DIRECT_OBJC_ISA_USAGE = YES_ERROR;
				CLANG_WARN_DOCUMENTATION_COMMENTS = YES;
				CLANG_WARN_EMPTY_BODY = YES;
				CLANG_WARN_ENUM_CONVERSION = YES;
				CLANG_WARN_INFINITE_RECURSION = YES;
				CLANG_WARN_INT_CONVERSION = YES;
				CLANG_WARN_NON_LITERAL_NULL_CONVERSION = YES;
				CLANG_WARN_OBJC_IMPLICIT_RETAIN_SELF = YES;
				CLANG_WARN_OBJC_LITERAL_CONVERSION = YES;
				CLANG_WARN_OBJC_ROOT_CLASS = YES_ERROR;
				CLANG_WARN_QUOTED_INCLUDE_IN_FRAMEWORK_HEADER = YES;
				CLANG_WARN_RANGE_LOOP_ANALYSIS = YES;
				CLANG_WARN_STRICT_PROTOTYPES = YES;
				CLANG_WARN_SUSPICIOUS_MOVE = YES;
				CLANG_WARN_UNGUARDED_AVAILABILITY = YES_AGGRESSIVE;
				CLANG_WARN_UNREACHABLE_CODE = YES;
				CLANG_WARN__DUPLICATE_METHOD_MATCH = YES;
				COPY_PHASE_STRIP = NO;
				DEBUG_INFORMATION_FORMAT = dwarf;
				ENABLE_STRICT_OBJC_MSGSEND = YES;
				ENABLE_TESTABILITY = YES;
				ENABLE_USER_SCRIPT_SANDBOXING = YES;
				GCC_C_LANGUAGE_STANDARD = gnu17;
				GCC_DYNAMIC_NO_PIC = NO;
				GCC_NO_COMMON_BLOCKS = YES;
				GCC_OPTIMIZATION_LEVEL = 0;
				GCC_PREPROCESSOR_DEFINITIONS = (
					"DEBUG=1",
					"$(inherited)",
				);
				GCC_WARN_64_TO_32_BIT_CONVERSION = YES;
				GCC_WARN_ABOUT_RETURN_TYPE = YES_ERROR;
				GCC_WARN_UNDECLARED_SELECTOR = YES;
				GCC_WARN_UNINITIALIZED_AUTOS = YES_AGGRESSIVE;
				GCC_WARN_UNUSED_FUNCTION = YES;
				GCC_WARN_UNUSED_VARIABLE = YES;
				IPHONEOS_DEPLOYMENT_TARGET = 17.2;
				LOCALIZATION_PREFERS_STRING_CATALOGS = YES;
				MTL_ENABLE_DEBUG_INFO = INCLUDE_SOURCE;
				MTL_FAST_MATH = YES;
				ONLY_ACTIVE_ARCH = YES;
				SDKROOT = iphoneos;
				SWIFT_ACTIVE_COMPILATION_CONDITIONS = "DEBUG $(inherited)";
				SWIFT_OPTIMIZATION_LEVEL = "-Onone";
			};
			name = Debug;
		};
		E3A60A202BA9955900BAA90A /* Release */ = {
			isa = XCBuildConfiguration;
			buildSettings = {
				ALWAYS_SEARCH_USER_PATHS = NO;
				ASSETCATALOG_COMPILER_GENERATE_SWIFT_ASSET_SYMBOL_EXTENSIONS = YES;
				CLANG_ANALYZER_NONNULL = YES;
				CLANG_ANALYZER_NUMBER_OBJECT_CONVERSION = YES_AGGRESSIVE;
				CLANG_CXX_LANGUAGE_STANDARD = "gnu++20";
				CLANG_ENABLE_MODULES = YES;
				CLANG_ENABLE_OBJC_ARC = YES;
				CLANG_ENABLE_OBJC_WEAK = YES;
				CLANG_WARN_BLOCK_CAPTURE_AUTORELEASING = YES;
				CLANG_WARN_BOOL_CONVERSION = YES;
				CLANG_WARN_COMMA = YES;
				CLANG_WARN_CONSTANT_CONVERSION = YES;
				CLANG_WARN_DEPRECATED_OBJC_IMPLEMENTATIONS = YES;
				CLANG_WARN_DIRECT_OBJC_ISA_USAGE = YES_ERROR;
				CLANG_WARN_DOCUMENTATION_COMMENTS = YES;
				CLANG_WARN_EMPTY_BODY = YES;
				CLANG_WARN_ENUM_CONVERSION = YES;
				CLANG_WARN_INFINITE_RECURSION = YES;
				CLANG_WARN_INT_CONVERSION = YES;
				CLANG_WARN_NON_LITERAL_NULL_CONVERSION = YES;
				CLANG_WARN_OBJC_IMPLICIT_RETAIN_SELF = YES;
				CLANG_WARN_OBJC_LITERAL_CONVERSION = YES;
				CLANG_WARN_OBJC_ROOT_CLASS = YES_ERROR;
				CLANG_WARN_QUOTED_INCLUDE_IN_FRAMEWORK_HEADER = YES;
				CLANG_WARN_RANGE_LOOP_ANALYSIS = YES;
				CLANG_WARN_STRICT_PROTOTYPES = YES;
				CLANG_WARN_SUSPICIOUS_MOVE = YES;
				CLANG_WARN_UNGUARDED_AVAILABILITY = YES_AGGRESSIVE;
				CLANG_WARN_UNREACHABLE_CODE = YES;
				CLANG_WARN__DUPLICATE_METHOD_MATCH = YES;
				COPY_PHASE_STRIP = NO;
				DEBUG_INFORMATION_FORMAT = "dwarf-with-dsym";
				ENABLE_NS_ASSERTIONS = NO;
				ENABLE_STRICT_OBJC_MSGSEND = YES;
				ENABLE_USER_SCRIPT_SANDBOXING = YES;
				GCC_C_LANGUAGE_STANDARD = gnu17;
				GCC_NO_COMMON_BLOCKS = YES;
				GCC_WARN_64_TO_32_BIT_CONVERSION = YES;
				GCC_WARN_ABOUT_RETURN_TYPE = YES_ERROR;
				GCC_WARN_UNDECLARED_SELECTOR = YES;
				GCC_WARN_UNINITIALIZED_AUTOS = YES_AGGRESSIVE;
				GCC_WARN_UNUSED_FUNCTION = YES;
				GCC_WARN_UNUSED_VARIABLE = YES;
				IPHONEOS_DEPLOYMENT_TARGET = 17.2;
				LOCALIZATION_PREFERS_STRING_CATALOGS = YES;
				MTL_ENABLE_DEBUG_INFO = NO;
				MTL_FAST_MATH = YES;
				SDKROOT = iphoneos;
				SWIFT_COMPILATION_MODE = wholemodule;
				VALIDATE_PRODUCT = YES;
			};
			name = Release;
		};
		E3A60A222BA9955900BAA90A /* Debug */ = {
			isa = XCBuildConfiguration;
			buildSettings = {
				ASSETCATALOG_COMPILER_APPICON_NAME = AppIcon;
				ASSETCATALOG_COMPILER_GLOBAL_ACCENT_COLOR_NAME = AccentColor;
				CODE_SIGN_STYLE = Automatic;
				CURRENT_PROJECT_VERSION = 1;
				DEVELOPMENT_ASSET_PATHS = "\"SwipeNews/Preview Content\"";
				DEVELOPMENT_TEAM = XUV3TR3S4M;
				ENABLE_PREVIEWS = YES;
				GENERATE_INFOPLIST_FILE = YES;
				INFOPLIST_KEY_UIApplicationSceneManifest_Generation = YES;
				INFOPLIST_KEY_UIApplicationSupportsIndirectInputEvents = YES;
				INFOPLIST_KEY_UILaunchScreen_Generation = YES;
				INFOPLIST_KEY_UISupportedInterfaceOrientations_iPad = "UIInterfaceOrientationPortrait UIInterfaceOrientationPortraitUpsideDown UIInterfaceOrientationLandscapeLeft UIInterfaceOrientationLandscapeRight";
				INFOPLIST_KEY_UISupportedInterfaceOrientations_iPhone = "UIInterfaceOrientationPortrait UIInterfaceOrientationLandscapeLeft UIInterfaceOrientationLandscapeRight";
				LD_RUNPATH_SEARCH_PATHS = (
					"$(inherited)",
					"@executable_path/Frameworks",
				);
				MARKETING_VERSION = 1.0;
				PRODUCT_BUNDLE_IDENTIFIER = com.odd.SwipeNews;
				PRODUCT_NAME = "$(TARGET_NAME)";
				SWIFT_EMIT_LOC_STRINGS = YES;
				SWIFT_VERSION = 5.0;
				TARGETED_DEVICE_FAMILY = "1,2";
			};
			name = Debug;
		};
		E3A60A232BA9955900BAA90A /* Release */ = {
			isa = XCBuildConfiguration;
			buildSettings = {
				ASSETCATALOG_COMPILER_APPICON_NAME = AppIcon;
				ASSETCATALOG_COMPILER_GLOBAL_ACCENT_COLOR_NAME = AccentColor;
				CODE_SIGN_STYLE = Automatic;
				CURRENT_PROJECT_VERSION = 1;
				DEVELOPMENT_ASSET_PATHS = "\"SwipeNews/Preview Content\"";
				DEVELOPMENT_TEAM = XUV3TR3S4M;
				ENABLE_PREVIEWS = YES;
				GENERATE_INFOPLIST_FILE = YES;
				INFOPLIST_KEY_UIApplicationSceneManifest_Generation = YES;
				INFOPLIST_KEY_UIApplicationSupportsIndirectInputEvents = YES;
				INFOPLIST_KEY_UILaunchScreen_Generation = YES;
				INFOPLIST_KEY_UISupportedInterfaceOrientations_iPad = "UIInterfaceOrientationPortrait UIInterfaceOrientationPortraitUpsideDown UIInterfaceOrientationLandscapeLeft UIInterfaceOrientationLandscapeRight";
				INFOPLIST_KEY_UISupportedInterfaceOrientations_iPhone = "UIInterfaceOrientationPortrait UIInterfaceOrientationLandscapeLeft UIInterfaceOrientationLandscapeRight";
				LD_RUNPATH_SEARCH_PATHS = (
					"$(inherited)",
					"@executable_path/Frameworks",
				);
				MARKETING_VERSION = 1.0;
				PRODUCT_BUNDLE_IDENTIFIER = com.odd.SwipeNews;
				PRODUCT_NAME = "$(TARGET_NAME)";
				SWIFT_EMIT_LOC_STRINGS = YES;
				SWIFT_VERSION = 5.0;
				TARGETED_DEVICE_FAMILY = "1,2";
			};
			name = Release;
		};
		E3A60A252BA9955900BAA90A /* Debug */ = {
			isa = XCBuildConfiguration;
			buildSettings = {
				ALWAYS_EMBED_SWIFT_STANDARD_LIBRARIES = YES;
				BUNDLE_LOADER = "$(TEST_HOST)";
				CODE_SIGN_STYLE = Automatic;
				CURRENT_PROJECT_VERSION = 1;
				DEVELOPMENT_TEAM = XUV3TR3S4M;
				GENERATE_INFOPLIST_FILE = YES;
				IPHONEOS_DEPLOYMENT_TARGET = 17.2;
				MARKETING_VERSION = 1.0;
				PRODUCT_BUNDLE_IDENTIFIER = com.odd.SwipeNewsTests;
				PRODUCT_NAME = "$(TARGET_NAME)";
				SWIFT_EMIT_LOC_STRINGS = NO;
				SWIFT_VERSION = 5.0;
				TARGETED_DEVICE_FAMILY = "1,2";
				TEST_HOST = "$(BUILT_PRODUCTS_DIR)/SwipeNews.app/$(BUNDLE_EXECUTABLE_FOLDER_PATH)/SwipeNews";
			};
			name = Debug;
		};
		E3A60A262BA9955900BAA90A /* Release */ = {
			isa = XCBuildConfiguration;
			buildSettings = {
				ALWAYS_EMBED_SWIFT_STANDARD_LIBRARIES = YES;
				BUNDLE_LOADER = "$(TEST_HOST)";
				CODE_SIGN_STYLE = Automatic;
				CURRENT_PROJECT_VERSION = 1;
				DEVELOPMENT_TEAM = XUV3TR3S4M;
				GENERATE_INFOPLIST_FILE = YES;
				IPHONEOS_DEPLOYMENT_TARGET = 17.2;
				MARKETING_VERSION = 1.0;
				PRODUCT_BUNDLE_IDENTIFIER = com.odd.SwipeNewsTests;
				PRODUCT_NAME = "$(TARGET_NAME)";
				SWIFT_EMIT_LOC_STRINGS = NO;
				SWIFT_VERSION = 5.0;
				TARGETED_DEVICE_FAMILY = "1,2";
				TEST_HOST = "$(BUILT_PRODUCTS_DIR)/SwipeNews.app/$(BUNDLE_EXECUTABLE_FOLDER_PATH)/SwipeNews";
			};
			name = Release;
		};
		E3A60A282BA9955900BAA90A /* Debug */ = {
			isa = XCBuildConfiguration;
			buildSettings = {
				ALWAYS_EMBED_SWIFT_STANDARD_LIBRARIES = YES;
				CODE_SIGN_STYLE = Automatic;
				CURRENT_PROJECT_VERSION = 1;
				DEVELOPMENT_TEAM = XUV3TR3S4M;
				GENERATE_INFOPLIST_FILE = YES;
				MARKETING_VERSION = 1.0;
				PRODUCT_BUNDLE_IDENTIFIER = com.odd.SwipeNewsUITests;
				PRODUCT_NAME = "$(TARGET_NAME)";
				SWIFT_EMIT_LOC_STRINGS = NO;
				SWIFT_VERSION = 5.0;
				TARGETED_DEVICE_FAMILY = "1,2";
				TEST_TARGET_NAME = SwipeNews;
			};
			name = Debug;
		};
		E3A60A292BA9955900BAA90A /* Release */ = {
			isa = XCBuildConfiguration;
			buildSettings = {
				ALWAYS_EMBED_SWIFT_STANDARD_LIBRARIES = YES;
				CODE_SIGN_STYLE = Automatic;
				CURRENT_PROJECT_VERSION = 1;
				DEVELOPMENT_TEAM = XUV3TR3S4M;
				GENERATE_INFOPLIST_FILE = YES;
				MARKETING_VERSION = 1.0;
				PRODUCT_BUNDLE_IDENTIFIER = com.odd.SwipeNewsUITests;
				PRODUCT_NAME = "$(TARGET_NAME)";
				SWIFT_EMIT_LOC_STRINGS = NO;
				SWIFT_VERSION = 5.0;
				TARGETED_DEVICE_FAMILY = "1,2";
				TEST_TARGET_NAME = SwipeNews;
			};
			name = Release;
		};
/* End XCBuildConfiguration section */

/* Begin XCConfigurationList section */
		E3A609F82BA9955600BAA90A /* Build configuration list for PBXProject "SwipeNews" */ = {
			isa = XCConfigurationList;
			buildConfigurations = (
				E3A60A1F2BA9955900BAA90A /* Debug */,
				E3A60A202BA9955900BAA90A /* Release */,
			);
			defaultConfigurationIsVisible = 0;
			defaultConfigurationName = Release;
		};
		E3A60A212BA9955900BAA90A /* Build configuration list for PBXNativeTarget "SwipeNews" */ = {
			isa = XCConfigurationList;
			buildConfigurations = (
				E3A60A222BA9955900BAA90A /* Debug */,
				E3A60A232BA9955900BAA90A /* Release */,
			);
			defaultConfigurationIsVisible = 0;
			defaultConfigurationName = Release;
		};
		E3A60A242BA9955900BAA90A /* Build configuration list for PBXNativeTarget "SwipeNewsTests" */ = {
			isa = XCConfigurationList;
			buildConfigurations = (
				E3A60A252BA9955900BAA90A /* Debug */,
				E3A60A262BA9955900BAA90A /* Release */,
			);
			defaultConfigurationIsVisible = 0;
			defaultConfigurationName = Release;
		};
		E3A60A272BA9955900BAA90A /* Build configuration list for PBXNativeTarget "SwipeNewsUITests" */ = {
			isa = XCConfigurationList;
			buildConfigurations = (
				E3A60A282BA9955900BAA90A /* Debug */,
				E3A60A292BA9955900BAA90A /* Release */,
			);
			defaultConfigurationIsVisible = 0;
			defaultConfigurationName = Release;
		};
/* End XCConfigurationList section */
	};
	rootObject = E3A609F52BA9955600BAA90A /* Project object */;
}
